
Microsoft Visual Studio Solution File, Format Version 12.00
# Visual Studio Version 17
VisualStudioVersion = 17.6.33723.286
MinimumVisualStudioVersion = 10.0.40219.1
Project("{FAE04EC0-301F-11D3-BF4B-00C04F79EFBC}") = "ServiceAnalyzer", "ServiceAnalyzer\ServiceAnalyzer.csproj", "{F37B4524-7E06-475B-A804-9D0A736078EF}"
EndProject
Global
	GlobalSection(SolutionConfigurationPlatforms) = preSolution
		Debug|Any CPU = Debug|Any CPU
		Release|Any CPU = Release|Any CPU
	EndGlobalSection
	GlobalSection(ProjectConfigurationPlatforms) = postSolution
		{F37B4524-7E06-475B-A804-9D0A736078EF}.Debug|Any CPU.ActiveCfg = Debug|Any CPU
		{F37B4524-7E06-475B-A804-9D0A736078EF}.Debug|Any CPU.Build.0 = Debug|Any CPU
		{F37B4524-7E06-475B-A804-9D0A736078EF}.Release|Any CPU.ActiveCfg = Release|Any CPU
		{F37B4524-7E06-475B-A804-9D0A736078EF}.Release|Any CPU.Build.0 = Release|Any CPU
	EndGlobalSection
	GlobalSection(SolutionProperties) = preSolution
		HideSolutionNode = FALSE
	EndGlobalSection
	GlobalSection(ExtensibilityGlobals) = postSolution
		SolutionGuid = {46B59E9C-8B7B-45D2-A4E7-8DFEAF3516B5}
	EndGlobalSection
EndGlobal
